
Microsoft Visual Studio Solution File, Format Version 12.00
# Visual Studio Version 17
VisualStudioVersion = 17.5.33530.505
MinimumVisualStudioVersion = 10.0.40219.1
Project("{8BC9CEB8-8B4A-11D0-8D11-00A0C91BC942}") = "顺序表-Sqlist", "顺序表\顺序表.vcxproj", "{5256DD66-3C5B-45DA-B401-C016D43F35C5}"
EndProject
Project("{8BC9CEB8-8B4A-11D0-8D11-00A0C91BC942}") = "单链表-LinkList", "单链表-LinkList\单链表-LinkList.vcxproj", "{F9BF159A-62AE-44A5-BCBD-1FA44DD75B2D}"
EndProject
Global
	GlobalSection(SolutionConfigurationPlatforms) = preSolution
		Debug|x64 = Debug|x64
		Debug|x86 = Debug|x86
		Release|x64 = Release|x64
		Release|x86 = Release|x86
	EndGlobalSection
	GlobalSection(ProjectConfigurationPlatforms) = postSolution
		{5256DD66-3C5B-45DA-B401-C016D43F35C5}.Debug|x64.ActiveCfg = Debug|x64
		{5256DD66-3C5B-45DA-B401-C016D43F35C5}.Debug|x64.Build.0 = Debug|x64
		{5256DD66-3C5B-45DA-B401-C016D43F35C5}.Debug|x86.ActiveCfg = Debug|Win32
		{5256DD66-3C5B-45DA-B401-C016D43F35C5}.Debug|x86.Build.0 = Debug|Win32
		{5256DD66-3C5B-45DA-B401-C016D43F35C5}.Release|x64.ActiveCfg = Release|x64
		{5256DD66-3C5B-45DA-B401-C016D43F35C5}.Release|x64.Build.0 = Release|x64
		{5256DD66-3C5B-45DA-B401-C016D43F35C5}.Release|x86.ActiveCfg = Release|Win32
		{5256DD66-3C5B-45DA-B401-C016D43F35C5}.Release|x86.Build.0 = Release|Win32
		{F9BF159A-62AE-44A5-BCBD-1FA44DD75B2D}.Debug|x64.ActiveCfg = Debug|x64
		{F9BF159A-62AE-44A5-BCBD-1FA44DD75B2D}.Debug|x64.Build.0 = Debug|x64
		{F9BF159A-62AE-44A5-BCBD-1FA44DD75B2D}.Debug|x86.ActiveCfg = Debug|Win32
		{F9BF159A-62AE-44A5-BCBD-1FA44DD75B2D}.Debug|x86.Build.0 = Debug|Win32
		{F9BF159A-62AE-44A5-BCBD-1FA44DD75B2D}.Release|x64.ActiveCfg = Release|x64
		{F9BF159A-62AE-44A5-BCBD-1FA44DD75B2D}.Release|x64.Build.0 = Release|x64
		{F9BF159A-62AE-44A5-BCBD-1FA44DD75B2D}.Release|x86.ActiveCfg = Release|Win32
		{F9BF159A-62AE-44A5-BCBD-1FA44DD75B2D}.Release|x86.Build.0 = Release|Win32
	EndGlobalSection
	GlobalSection(SolutionProperties) = preSolution
		HideSolutionNode = FALSE
	EndGlobalSection
	GlobalSection(ExtensibilityGlobals) = postSolution
		SolutionGuid = {E62EF2EA-78E4-42FA-A0DB-9DCC5A96096F}
	EndGlobalSection
EndGlobal
